# Generated automatically by docgov. Do not edit manually.
protocol_version: 0.0.9
upstream:
  source: https://github.com/ming2k/docgov
  ref: v0.0.9
  synced_at: 2026-10-01T09:23:22Z
artifacts:
  agent_directives:
    target: AGENTS.md
    hash: sha256:df52703ca5f6e15d1acfb26f0737684c1b814837aea77198ae94422091575dce
